
Microsoft Visual Studio Solution File, Format Version 12.00
# Visual Studio Version 17
VisualStudioVersion = 17.11.35327.3
MinimumVisualStudioVersion = 10.0.40219.1
Project("{2150E333-8FDC-42A3-9474-1A3956D46DE8}") = "Versioning", "Versioning", "{879CD2DA-3F9A-4570-860F-B29F4A60BA06}"
EndProject
Project("{2150E333-8FDC-42A3-9474-1A3956D46DE8}") = "DoubleWriting", "DoubleWriting", "{1AC6DA81-0642-4DB5-BDD3-E938C0C380FA}"
	ProjectSection(SolutionItems) = preProject
		Versioning\DoubleWritingAppExe.ps1 = Versioning\DoubleWritingAppExe.ps1
	EndProjectSection
EndProject
Project("{2150E333-8FDC-42A3-9474-1A3956D46DE8}") = "RabbitMQ", "RabbitMQ", "{BB2C281F-B1B5-4D70-8EE6-A1253DD7A20A}"
EndProject
Project("{2150E333-8FDC-42A3-9474-1A3956D46DE8}") = "Ex_Direct", "Ex_Direct", "{D3063848-42AE-4D95-BDF0-1D95F672C0F1}"
	ProjectSection(SolutionItems) = preProject
		Rabbit\DirectExchangeAppExe.ps1 = Rabbit\DirectExchangeAppExe.ps1
	EndProjectSection
EndProject
Project("{2150E333-8FDC-42A3-9474-1A3956D46DE8}") = "Ex_Topic", "Ex_Topic", "{F48EC245-1123-492D-B7F0-88EAF4B60A6C}"
	ProjectSection(SolutionItems) = preProject
		Rabbit\TopicExchangeAppExe.ps1 = Rabbit\TopicExchangeAppExe.ps1
		Rabbit\TopicExchangeReadme.txt = Rabbit\TopicExchangeReadme.txt
	EndProjectSection
EndProject
Project("{2150E333-8FDC-42A3-9474-1A3956D46DE8}") = "Ex_Headers", "Ex_Headers", "{89C74D85-F999-4F36-BF54-34FDFA282E36}"
	ProjectSection(SolutionItems) = preProject
		Rabbit\HeaderExchangeReadme.txt = Rabbit\HeaderExchangeReadme.txt
		Rabbit\HeadersExchangeAppExe.ps1 = Rabbit\HeadersExchangeAppExe.ps1
	EndProjectSection
EndProject
Project("{2150E333-8FDC-42A3-9474-1A3956D46DE8}") = "Ex_Fanout[Pub Sub Pattern]", "Ex_Fanout[Pub Sub Pattern]", "{8B95FFFD-16DE-4FA9-8FB9-2580EE261BB5}"
	ProjectSection(SolutionItems) = preProject
		Rabbit\FanoutExchangeAppExe.ps1 = Rabbit\FanoutExchangeAppExe.ps1
		Rabbit\FanoutExchangeAppReadme.txt = Rabbit\FanoutExchangeAppReadme.txt
	EndProjectSection
EndProject
Project("{2150E333-8FDC-42A3-9474-1A3956D46DE8}") = "DeadLetter", "DeadLetter", "{6002B87D-0E10-4FE9-8AEF-643D62D1C2D8}"
	ProjectSection(SolutionItems) = preProject
		Deadetter\DeadLetterReadme.txt = Deadetter\DeadLetterReadme.txt
	EndProjectSection
EndProject
Project("{9A19103F-16F7-4668-BE54-9A1E7A4F7556}") = "DirectExchangeApp.Producer", "Rabbit\DirectExchangeApp.Producer\DirectExchangeApp.Producer.csproj", "{8099C607-E92E-4F0C-91DB-8D6E9381D438}"
EndProject
Project("{9A19103F-16F7-4668-BE54-9A1E7A4F7556}") = "DirectExchangeApp.Consumer1", "Rabbit\DirectExchangeApp.Consumer1\DirectExchangeApp.Consumer1.csproj", "{56381244-F7FC-4E19-BCC2-59ED6189306C}"
EndProject
Project("{2150E333-8FDC-42A3-9474-1A3956D46DE8}") = "negatively-acknowledged", "negatively-acknowledged", "{E1D569EF-6D26-478B-8A16-D05EB0C996FC}"
	ProjectSection(SolutionItems) = preProject
		Deadetter\DeadLetterTTLExpirationAppExe.ps1 = Deadetter\DeadLetterTTLExpirationAppExe.ps1
	EndProjectSection
EndProject
Project("{2150E333-8FDC-42A3-9474-1A3956D46DE8}") = "_Solution Items", "_Solution Items", "{C45777C9-6799-4D83-A091-44142CED3A3A}"
	ProjectSection(SolutionItems) = preProject
		GlobalUsing.cs = GlobalUsing.cs
		ProducerConsumerRabbitmqClientTemplate.txt = ProducerConsumerRabbitmqClientTemplate.txt
		UtilityCommands.txt = UtilityCommands.txt
	EndProjectSection
EndProject
Project("{2150E333-8FDC-42A3-9474-1A3956D46DE8}") = "TimeToLive[TTL]-Expiration", "TimeToLive[TTL]-Expiration", "{337B94A3-8EF6-4DAA-8DC6-119A9CA55753}"
	ProjectSection(SolutionItems) = preProject
		Deadetter\DeadLetterNegativelyAcknowledgedAppExe.ps1 = Deadetter\DeadLetterNegativelyAcknowledgedAppExe.ps1
	EndProjectSection
EndProject
Project("{2150E333-8FDC-42A3-9474-1A3956D46DE8}") = "CompetingConsumers", "CompetingConsumers", "{853FA7E4-C287-4479-9C18-5C63691CAD58}"
	ProjectSection(SolutionItems) = preProject
		CompetingConsumers\CompetingConsumersExe.ps1 = CompetingConsumers\CompetingConsumersExe.ps1
		CompetingConsumers\CompetingConsumersReadme.txt = CompetingConsumers\CompetingConsumersReadme.txt
	EndProjectSection
EndProject
Project("{2150E333-8FDC-42A3-9474-1A3956D46DE8}") = "Patterns", "Patterns", "{123C5143-A147-46CD-A044-5A8544B6C2C1}"
EndProject
Project("{2150E333-8FDC-42A3-9474-1A3956D46DE8}") = "EnvelopeWrapper", "EnvelopeWrapper", "{D4E775FD-3246-4FF7-A265-F486177E17C2}"
	ProjectSection(SolutionItems) = preProject
		EnvelopeWrapper\EnvelopeWapperAppExe.ps1 = EnvelopeWrapper\EnvelopeWapperAppExe.ps1
		EnvelopeWrapper\EnvlopeWapperReadme.txt = EnvelopeWrapper\EnvlopeWapperReadme.txt
	EndProjectSection
EndProject
Project("{9A19103F-16F7-4668-BE54-9A1E7A4F7556}") = "TopicApp.Producer", "Rabbit\TopicApp.Producer\TopicApp.Producer.csproj", "{33C59ED6-DA4F-482B-9B02-5F9DEA4A6315}"
EndProject
Project("{9A19103F-16F7-4668-BE54-9A1E7A4F7556}") = "TopicApp.Consumer1", "Rabbit\TopicApp.Consumer1\TopicApp.Consumer1.csproj", "{C3EDE70A-76EA-487D-8015-DE8DDD7975AC}"
EndProject
Project("{9A19103F-16F7-4668-BE54-9A1E7A4F7556}") = "TopicApp.Consumer2", "Rabbit\TopicApp.Consumer2\TopicApp.Consumer2.csproj", "{9017D565-EE8D-4536-AE2B-06A772F13AC5}"
EndProject
Project("{9A19103F-16F7-4668-BE54-9A1E7A4F7556}") = "HeadersExchangeApp.Producer", "Rabbit\HeadersExchangeApp.Producer\HeadersExchangeApp.Producer.csproj", "{543DEB08-69C3-4D49-9811-177602C738F9}"
EndProject
Project("{9A19103F-16F7-4668-BE54-9A1E7A4F7556}") = "HeadersExchangeApp.Consumer1", "Rabbit\HeadersExchangeApp.Consumer1\HeadersExchangeApp.Consumer1.csproj", "{50CFDDD7-7933-40FE-B986-57E136455BCA}"
EndProject
Project("{9A19103F-16F7-4668-BE54-9A1E7A4F7556}") = "HeadersExchangeApp.Consumer2", "Rabbit\HeadersExchangeApp.Consumer2\HeadersExchangeApp.Consumer2.csproj", "{4E1067E9-45E1-458A-B54D-40D2935F9D27}"
EndProject
Project("{9A19103F-16F7-4668-BE54-9A1E7A4F7556}") = "FanoutExchangeApp.Producer", "Rabbit\FanoutExchangeApp.Producer\FanoutExchangeApp.Producer.csproj", "{14A2F617-40FE-4A87-8DBE-36E95A382A03}"
EndProject
Project("{9A19103F-16F7-4668-BE54-9A1E7A4F7556}") = "FanoutExchangeApp.Consumer1", "Rabbit\FanoutExchangeApp.Consumer1\FanoutExchangeApp.Consumer1.csproj", "{B275046A-05A5-4992-AE51-D4B9EEE62424}"
EndProject
Project("{9A19103F-16F7-4668-BE54-9A1E7A4F7556}") = "FanoutExchangeApp.Consumer2", "Rabbit\FanoutExchangeApp.Consumer2\FanoutExchangeApp.Consumer2.csproj", "{9B474CE9-FB5D-49D6-882B-1E34D75E7640}"
EndProject
Project("{2150E333-8FDC-42A3-9474-1A3956D46DE8}") = "Common", "Common", "{3CC94DE5-42A0-4B4C-BFBD-440BE0A560E0}"
EndProject
Project("{2150E333-8FDC-42A3-9474-1A3956D46DE8}") = "RPC", "RPC", "{2B96BA03-F494-43EE-A8BC-E01DD69F2892}"
	ProjectSection(SolutionItems) = preProject
		Rabbit\RpcAppExe.ps1 = Rabbit\RpcAppExe.ps1
		Rabbit\RpcAppReadme.txt = Rabbit\RpcAppReadme.txt
	EndProjectSection
EndProject
Project("{2150E333-8FDC-42A3-9474-1A3956D46DE8}") = "PriorityQueue", "PriorityQueue", "{5B877B63-E59A-4746-975D-3E3A7B69FAE6}"
	ProjectSection(SolutionItems) = preProject
		Rabbit\PriorityQueueAppExe.ps1 = Rabbit\PriorityQueueAppExe.ps1
		Rabbit\PriorityQueueReadme.txt = Rabbit\PriorityQueueReadme.txt
	EndProjectSection
EndProject
Project("{9A19103F-16F7-4668-BE54-9A1E7A4F7556}") = "RpcApp.Response", "Rabbit\RpcApp.Response\RpcApp.Response.csproj", "{84735D6A-EB8A-488B-BC40-A2FE7898A99A}"
EndProject
Project("{9A19103F-16F7-4668-BE54-9A1E7A4F7556}") = "RpcApp.Request", "Rabbit\RpcApp.Request\RpcApp.Request.csproj", "{3F855A75-A0ED-4A0D-B461-1094C8ED7349}"
EndProject
Project("{9A19103F-16F7-4668-BE54-9A1E7A4F7556}") = "PriorityQueueApp.Producer", "Rabbit\PriorityQueueApp.Producer\PriorityQueueApp.Producer.csproj", "{686636BC-9C69-4790-AA3C-AB16D2B51477}"
EndProject
Project("{9A19103F-16F7-4668-BE54-9A1E7A4F7556}") = "PriorityQueueApp.Consumer1", "Rabbit\PriorityQueueApp.Consumer1\PriorityQueueApp.Consumer1.csproj", "{EB38BAB9-6AD2-48AA-8482-D0BE8021D44F}"
EndProject
Project("{2150E333-8FDC-42A3-9474-1A3956D46DE8}") = "Saga", "Saga", "{C80EE318-A390-438F-B5A8-7B715160E143}"
	ProjectSection(SolutionItems) = preProject
		Saga\README.md = Saga\README.md
	EndProjectSection
EndProject
Project("{2150E333-8FDC-42A3-9474-1A3956D46DE8}") = "Orchestration", "Orchestration", "{A0DA3334-9E80-48D6-9419-FADF2559039B}"
	ProjectSection(SolutionItems) = preProject
		Saga_Orchestration_RabbitClient_App.OrderOrchestrationExe.ps1 = Saga_Orchestration_RabbitClient_App.OrderOrchestrationExe.ps1
	EndProjectSection
EndProject
Project("{2150E333-8FDC-42A3-9474-1A3956D46DE8}") = "Choreography", "Choreography", "{70B6FFB5-70F9-495C-BE10-B956FDAEF4B8}"
EndProject
Project("{9A19103F-16F7-4668-BE54-9A1E7A4F7556}") = "Saga_Orchestration_RabbitClient_App.OrderOrchestrationProducer", "Saga\Saga_Orchestration_RabbitClient_App.OrderOrchestrationProducer\Saga_Orchestration_RabbitClient_App.OrderOrchestrationProducer.csproj", "{1831C620-7037-4311-A10E-24D9F89AAB51}"
EndProject
Project("{9A19103F-16F7-4668-BE54-9A1E7A4F7556}") = "Saga_Orchestration_RabbitClient_App.PaymentConsumer", "Saga\Saga_Orchestration_RabbitClient_App.PaymentConsumer\Saga_Orchestration_RabbitClient_App.PaymentConsumer.csproj", "{0383407D-A66A-4D26-AD49-FC89CDF2BE0E}"
EndProject
Project("{9A19103F-16F7-4668-BE54-9A1E7A4F7556}") = "Saga_Orchestration_RabbitClient_App.StockConsumer", "Saga\Saga_Orchestration_RabbitClient_App.StockConsumer\Saga_Orchestration_RabbitClient_App.StockConsumer.csproj", "{B5070569-E72E-407B-8B33-E74A687D3416}"
EndProject
Project("{9A19103F-16F7-4668-BE54-9A1E7A4F7556}") = "Saga_Orchestration_RabbitClient_App.DeliveryConsumer", "Saga\Saga_Orchestration_RabbitClient_App.DeliveryConsumer\Saga_Orchestration_RabbitClient_App.DeliveryConsumer.csproj", "{D7189BBE-44F2-4C4C-B151-EF23FACBE0F3}"
EndProject
Project("{2150E333-8FDC-42A3-9474-1A3956D46DE8}") = "DeliveryGuarantees [OutBox-InBox Patterns]", "DeliveryGuarantees [OutBox-InBox Patterns]", "{5CF427B1-ACDD-4925-A5C2-F88145D0D978}"
	ProjectSection(SolutionItems) = preProject
		DeliveryGuarantees\DeliveryGuaranteesExe.ps1 = DeliveryGuarantees\DeliveryGuaranteesExe.ps1
		DeliveryGuarantees\Readme.md = DeliveryGuarantees\Readme.md
	EndProjectSection
EndProject
Project("{9A19103F-16F7-4668-BE54-9A1E7A4F7556}") = "OutBoxApp.Producer", "DeliveryGuarantees\OutBoxApp.Producer\OutBoxApp.Producer.csproj", "{DDC51D5E-B6C7-4684-836A-5E336D7636FA}"
EndProject
Project("{9A19103F-16F7-4668-BE54-9A1E7A4F7556}") = "InBoxApp.Consumer", "DeliveryGuarantees\InBoxApp.Consumer\InBoxApp.Consumer.csproj", "{7CFC011C-3F56-42E2-8714-8BCFC7F95717}"
EndProject
Project("{9A19103F-16F7-4668-BE54-9A1E7A4F7556}") = "DeliveryGuarantees.Repository", "DeliveryGuarantees\DeliveryGuarantees.Repository\DeliveryGuarantees.Repository.csproj", "{239B4BC8-C912-4CD5-BF1F-162394BBE8C2}"
EndProject
Project("{9A19103F-16F7-4668-BE54-9A1E7A4F7556}") = "RabbitMQExchanges.BuildingBlocks", "Common\RabbitMQExchanges.BuildingBlocks\RabbitMQExchanges.BuildingBlocks.csproj", "{83ED173E-E6AC-4571-987A-1DDFAB8C5DA5}"
EndProject
Project("{9A19103F-16F7-4668-BE54-9A1E7A4F7556}") = "EDA-Utilities", "Common\EDA-Utilities\EDA-Utilities.csproj", "{3D7EA3D4-82AD-4025-8CD3-3116EE17193A}"
EndProject
Project("{9A19103F-16F7-4668-BE54-9A1E7A4F7556}") = "CompetingConsumers.Consumer1", "CompetingConsumers\CompetingConsumers.Consumer1\CompetingConsumers.Consumer1.csproj", "{7A0EC59E-F1AA-4736-B811-1EAFC41D58E1}"
EndProject
Project("{9A19103F-16F7-4668-BE54-9A1E7A4F7556}") = "CompetingConsumers.Consumer2", "CompetingConsumers\CompetingConsumers.Consumer2\CompetingConsumers.Consumer2.csproj", "{91E2EAD8-0ED7-4DD8-9272-33EBA4474DB2}"
EndProject
Project("{9A19103F-16F7-4668-BE54-9A1E7A4F7556}") = "CompetingConsumers.Producer", "CompetingConsumers\CompetingConsumers.Producer\CompetingConsumers.Producer.csproj", "{08A879F9-410B-492F-97E8-C274822EAF97}"
EndProject
Project("{9A19103F-16F7-4668-BE54-9A1E7A4F7556}") = "DeadLetterNegativelyAcknowledgedApp.Consumer1", "Deadetter\DeadLetterNegativelyAcknowledgedApp.Consumer1\DeadLetterNegativelyAcknowledgedApp.Consumer1.csproj", "{BA28201D-C471-4607-B595-08B13E9DC018}"
EndProject
Project("{9A19103F-16F7-4668-BE54-9A1E7A4F7556}") = "DeadLetterNegativelyAcknowledgedApp.Producer", "Deadetter\DeadLetterNegativelyAcknowledgedApp.Producer\DeadLetterNegativelyAcknowledgedApp.Producer.csproj", "{7C3AC3FE-805E-4D63-B681-DA48AC08D59A}"
EndProject
Project("{9A19103F-16F7-4668-BE54-9A1E7A4F7556}") = "DeadLetterTTLExpirationApp.Consumer1", "Deadetter\DeadLetterTTLExpirationApp.Consumer1\DeadLetterTTLExpirationApp.Consumer1.csproj", "{749CFE87-E922-4BFA-9F78-53432E1A8BB2}"
EndProject
Project("{9A19103F-16F7-4668-BE54-9A1E7A4F7556}") = "DeadLetterTTLExpirationApp.Producer", "Deadetter\DeadLetterTTLExpirationApp.Producer\DeadLetterTTLExpirationApp.Producer.csproj", "{FC8BD544-C1AA-4519-A533-3F12B329157B}"
EndProject
Project("{9A19103F-16F7-4668-BE54-9A1E7A4F7556}") = "EnvelopeWrapper.Consumer1", "EnvelopeWrapper\EnvelopeWrapper.Consumer1\EnvelopeWrapper.Consumer1.csproj", "{E97548F4-DB99-4431-B6A1-1C63A3B314FA}"
EndProject
Project("{9A19103F-16F7-4668-BE54-9A1E7A4F7556}") = "EnvelopeWrapper.Producer", "EnvelopeWrapper\EnvelopeWrapper.Producer\EnvelopeWrapper.Producer.csproj", "{DE38B181-316F-4D56-AEA5-7986C1632235}"
EndProject
Project("{9A19103F-16F7-4668-BE54-9A1E7A4F7556}") = "DoubleWritingApp.Consumer1", "Versioning\DoubleWritingApp.Consumer1\DoubleWritingApp.Consumer1.csproj", "{3095D3F9-A937-4E53-BEDF-60444EC4D020}"
EndProject
Project("{9A19103F-16F7-4668-BE54-9A1E7A4F7556}") = "DoubleWritingApp.Producer", "Versioning\DoubleWritingApp.Producer\DoubleWritingApp.Producer.csproj", "{08EECFA4-C78C-4D11-B0C4-D0701A6DE6A2}"
EndProject
Project("{2150E333-8FDC-42A3-9474-1A3956D46DE8}") = "Solution Items", "Solution Items", "{F65AE501-105D-4356-852B-11227C0F0392}"
EndProject
Project("{2150E333-8FDC-42A3-9474-1A3956D46DE8}") = "ResiliencePatterns", "ResiliencePatterns", "{2EF6137B-284A-4873-A438-B414C042B1A5}"
EndProject
Project("{2150E333-8FDC-42A3-9474-1A3956D46DE8}") = "Library", "Library", "{0761F2CC-D4B6-4002-BC6B-4ED4B10E1EA8}"
EndProject
Project("{2150E333-8FDC-42A3-9474-1A3956D46DE8}") = "Retry", "Retry", "{A653E5FF-23FD-467B-9FBF-3DD3067FAFD1}"
EndProject
Project("{9A19103F-16F7-4668-BE54-9A1E7A4F7556}") = "PollyLibraryRetryApp", "ResiliencePatterns\PollyLibrary\Retry\PollyLibraryRetryApp\PollyLibraryRetryApp.csproj", "{722C2D3C-B395-4A16-BA2C-EF3AAEA3FABD}"
EndProject
Project("{2150E333-8FDC-42A3-9474-1A3956D46DE8}") = "CircuitBreaker", "CircuitBreaker", "{17E18EA3-2E56-4D6B-9094-930E6EA2EE4F}"
EndProject
Project("{9A19103F-16F7-4668-BE54-9A1E7A4F7556}") = "PollyLibraryCircuitBreakerApp", "ResiliencePatterns\PollyLibrary\CircuitBreaker\PollyLibraryCircuitBreakerApp\PollyLibraryCircuitBreakerApp.csproj", "{C3C793F7-F70C-4021-B89F-416B50764A6D}"
EndProject
Global
	GlobalSection(SolutionConfigurationPlatforms) = preSolution
		Debug|Any CPU = Debug|Any CPU
		Release|Any CPU = Release|Any CPU
	EndGlobalSection
	GlobalSection(ProjectConfigurationPlatforms) = postSolution
		{8099C607-E92E-4F0C-91DB-8D6E9381D438}.Debug|Any CPU.ActiveCfg = Debug|Any CPU
		{8099C607-E92E-4F0C-91DB-8D6E9381D438}.Debug|Any CPU.Build.0 = Debug|Any CPU
		{8099C607-E92E-4F0C-91DB-8D6E9381D438}.Release|Any CPU.ActiveCfg = Release|Any CPU
		{8099C607-E92E-4F0C-91DB-8D6E9381D438}.Release|Any CPU.Build.0 = Release|Any CPU
		{56381244-F7FC-4E19-BCC2-59ED6189306C}.Debug|Any CPU.ActiveCfg = Debug|Any CPU
		{56381244-F7FC-4E19-BCC2-59ED6189306C}.Debug|Any CPU.Build.0 = Debug|Any CPU
		{56381244-F7FC-4E19-BCC2-59ED6189306C}.Release|Any CPU.ActiveCfg = Release|Any CPU
		{56381244-F7FC-4E19-BCC2-59ED6189306C}.Release|Any CPU.Build.0 = Release|Any CPU
		{33C59ED6-DA4F-482B-9B02-5F9DEA4A6315}.Debug|Any CPU.ActiveCfg = Debug|Any CPU
		{33C59ED6-DA4F-482B-9B02-5F9DEA4A6315}.Debug|Any CPU.Build.0 = Debug|Any CPU
		{33C59ED6-DA4F-482B-9B02-5F9DEA4A6315}.Release|Any CPU.ActiveCfg = Release|Any CPU
		{33C59ED6-DA4F-482B-9B02-5F9DEA4A6315}.Release|Any CPU.Build.0 = Release|Any CPU
		{C3EDE70A-76EA-487D-8015-DE8DDD7975AC}.Debug|Any CPU.ActiveCfg = Debug|Any CPU
		{C3EDE70A-76EA-487D-8015-DE8DDD7975AC}.Debug|Any CPU.Build.0 = Debug|Any CPU
		{C3EDE70A-76EA-487D-8015-DE8DDD7975AC}.Release|Any CPU.ActiveCfg = Release|Any CPU
		{C3EDE70A-76EA-487D-8015-DE8DDD7975AC}.Release|Any CPU.Build.0 = Release|Any CPU
		{9017D565-EE8D-4536-AE2B-06A772F13AC5}.Debug|Any CPU.ActiveCfg = Debug|Any CPU
		{9017D565-EE8D-4536-AE2B-06A772F13AC5}.Debug|Any CPU.Build.0 = Debug|Any CPU
		{9017D565-EE8D-4536-AE2B-06A772F13AC5}.Release|Any CPU.ActiveCfg = Release|Any CPU
		{9017D565-EE8D-4536-AE2B-06A772F13AC5}.Release|Any CPU.Build.0 = Release|Any CPU
		{543DEB08-69C3-4D49-9811-177602C738F9}.Debug|Any CPU.ActiveCfg = Debug|Any CPU
		{543DEB08-69C3-4D49-9811-177602C738F9}.Debug|Any CPU.Build.0 = Debug|Any CPU
		{543DEB08-69C3-4D49-9811-177602C738F9}.Release|Any CPU.ActiveCfg = Release|Any CPU
		{543DEB08-69C3-4D49-9811-177602C738F9}.Release|Any CPU.Build.0 = Release|Any CPU
		{50CFDDD7-7933-40FE-B986-57E136455BCA}.Debug|Any CPU.ActiveCfg = Debug|Any CPU
		{50CFDDD7-7933-40FE-B986-57E136455BCA}.Debug|Any CPU.Build.0 = Debug|Any CPU
		{50CFDDD7-7933-40FE-B986-57E136455BCA}.Release|Any CPU.ActiveCfg = Release|Any CPU
		{50CFDDD7-7933-40FE-B986-57E136455BCA}.Release|Any CPU.Build.0 = Release|Any CPU
		{4E1067E9-45E1-458A-B54D-40D2935F9D27}.Debug|Any CPU.ActiveCfg = Debug|Any CPU
		{4E1067E9-45E1-458A-B54D-40D2935F9D27}.Debug|Any CPU.Build.0 = Debug|Any CPU
		{4E1067E9-45E1-458A-B54D-40D2935F9D27}.Release|Any CPU.ActiveCfg = Release|Any CPU
		{4E1067E9-45E1-458A-B54D-40D2935F9D27}.Release|Any CPU.Build.0 = Release|Any CPU
		{14A2F617-40FE-4A87-8DBE-36E95A382A03}.Debug|Any CPU.ActiveCfg = Debug|Any CPU
		{14A2F617-40FE-4A87-8DBE-36E95A382A03}.Debug|Any CPU.Build.0 = Debug|Any CPU
		{14A2F617-40FE-4A87-8DBE-36E95A382A03}.Release|Any CPU.ActiveCfg = Release|Any CPU
		{14A2F617-40FE-4A87-8DBE-36E95A382A03}.Release|Any CPU.Build.0 = Release|Any CPU
		{B275046A-05A5-4992-AE51-D4B9EEE62424}.Debug|Any CPU.ActiveCfg = Debug|Any CPU
		{B275046A-05A5-4992-AE51-D4B9EEE62424}.Debug|Any CPU.Build.0 = Debug|Any CPU
		{B275046A-05A5-4992-AE51-D4B9EEE62424}.Release|Any CPU.ActiveCfg = Release|Any CPU
		{B275046A-05A5-4992-AE51-D4B9EEE62424}.Release|Any CPU.Build.0 = Release|Any CPU
		{9B474CE9-FB5D-49D6-882B-1E34D75E7640}.Debug|Any CPU.ActiveCfg = Debug|Any CPU
		{9B474CE9-FB5D-49D6-882B-1E34D75E7640}.Debug|Any CPU.Build.0 = Debug|Any CPU
		{9B474CE9-FB5D-49D6-882B-1E34D75E7640}.Release|Any CPU.ActiveCfg = Release|Any CPU
		{9B474CE9-FB5D-49D6-882B-1E34D75E7640}.Release|Any CPU.Build.0 = Release|Any CPU
		{84735D6A-EB8A-488B-BC40-A2FE7898A99A}.Debug|Any CPU.ActiveCfg = Debug|Any CPU
		{84735D6A-EB8A-488B-BC40-A2FE7898A99A}.Debug|Any CPU.Build.0 = Debug|Any CPU
		{84735D6A-EB8A-488B-BC40-A2FE7898A99A}.Release|Any CPU.ActiveCfg = Release|Any CPU
		{84735D6A-EB8A-488B-BC40-A2FE7898A99A}.Release|Any CPU.Build.0 = Release|Any CPU
		{3F855A75-A0ED-4A0D-B461-1094C8ED7349}.Debug|Any CPU.ActiveCfg = Debug|Any CPU
		{3F855A75-A0ED-4A0D-B461-1094C8ED7349}.Debug|Any CPU.Build.0 = Debug|Any CPU
		{3F855A75-A0ED-4A0D-B461-1094C8ED7349}.Release|Any CPU.ActiveCfg = Release|Any CPU
		{3F855A75-A0ED-4A0D-B461-1094C8ED7349}.Release|Any CPU.Build.0 = Release|Any CPU
		{686636BC-9C69-4790-AA3C-AB16D2B51477}.Debug|Any CPU.ActiveCfg = Debug|Any CPU
		{686636BC-9C69-4790-AA3C-AB16D2B51477}.Debug|Any CPU.Build.0 = Debug|Any CPU
		{686636BC-9C69-4790-AA3C-AB16D2B51477}.Release|Any CPU.ActiveCfg = Release|Any CPU
		{686636BC-9C69-4790-AA3C-AB16D2B51477}.Release|Any CPU.Build.0 = Release|Any CPU
		{EB38BAB9-6AD2-48AA-8482-D0BE8021D44F}.Debug|Any CPU.ActiveCfg = Debug|Any CPU
		{EB38BAB9-6AD2-48AA-8482-D0BE8021D44F}.Debug|Any CPU.Build.0 = Debug|Any CPU
		{EB38BAB9-6AD2-48AA-8482-D0BE8021D44F}.Release|Any CPU.ActiveCfg = Release|Any CPU
		{EB38BAB9-6AD2-48AA-8482-D0BE8021D44F}.Release|Any CPU.Build.0 = Release|Any CPU
		{1831C620-7037-4311-A10E-24D9F89AAB51}.Debug|Any CPU.ActiveCfg = Debug|Any CPU
		{1831C620-7037-4311-A10E-24D9F89AAB51}.Debug|Any CPU.Build.0 = Debug|Any CPU
		{1831C620-7037-4311-A10E-24D9F89AAB51}.Release|Any CPU.ActiveCfg = Release|Any CPU
		{1831C620-7037-4311-A10E-24D9F89AAB51}.Release|Any CPU.Build.0 = Release|Any CPU
		{0383407D-A66A-4D26-AD49-FC89CDF2BE0E}.Debug|Any CPU.ActiveCfg = Debug|Any CPU
		{0383407D-A66A-4D26-AD49-FC89CDF2BE0E}.Debug|Any CPU.Build.0 = Debug|Any CPU
		{0383407D-A66A-4D26-AD49-FC89CDF2BE0E}.Release|Any CPU.ActiveCfg = Release|Any CPU
		{0383407D-A66A-4D26-AD49-FC89CDF2BE0E}.Release|Any CPU.Build.0 = Release|Any CPU
		{B5070569-E72E-407B-8B33-E74A687D3416}.Debug|Any CPU.ActiveCfg = Debug|Any CPU
		{B5070569-E72E-407B-8B33-E74A687D3416}.Debug|Any CPU.Build.0 = Debug|Any CPU
		{B5070569-E72E-407B-8B33-E74A687D3416}.Release|Any CPU.ActiveCfg = Release|Any CPU
		{B5070569-E72E-407B-8B33-E74A687D3416}.Release|Any CPU.Build.0 = Release|Any CPU
		{D7189BBE-44F2-4C4C-B151-EF23FACBE0F3}.Debug|Any CPU.ActiveCfg = Debug|Any CPU
		{D7189BBE-44F2-4C4C-B151-EF23FACBE0F3}.Debug|Any CPU.Build.0 = Debug|Any CPU
		{D7189BBE-44F2-4C4C-B151-EF23FACBE0F3}.Release|Any CPU.ActiveCfg = Release|Any CPU
		{D7189BBE-44F2-4C4C-B151-EF23FACBE0F3}.Release|Any CPU.Build.0 = Release|Any CPU
		{DDC51D5E-B6C7-4684-836A-5E336D7636FA}.Debug|Any CPU.ActiveCfg = Debug|Any CPU
		{DDC51D5E-B6C7-4684-836A-5E336D7636FA}.Debug|Any CPU.Build.0 = Debug|Any CPU
		{DDC51D5E-B6C7-4684-836A-5E336D7636FA}.Release|Any CPU.ActiveCfg = Release|Any CPU
		{DDC51D5E-B6C7-4684-836A-5E336D7636FA}.Release|Any CPU.Build.0 = Release|Any CPU
		{7CFC011C-3F56-42E2-8714-8BCFC7F95717}.Debug|Any CPU.ActiveCfg = Debug|Any CPU
		{7CFC011C-3F56-42E2-8714-8BCFC7F95717}.Debug|Any CPU.Build.0 = Debug|Any CPU
		{7CFC011C-3F56-42E2-8714-8BCFC7F95717}.Release|Any CPU.ActiveCfg = Release|Any CPU
		{7CFC011C-3F56-42E2-8714-8BCFC7F95717}.Release|Any CPU.Build.0 = Release|Any CPU
		{239B4BC8-C912-4CD5-BF1F-162394BBE8C2}.Debug|Any CPU.ActiveCfg = Debug|Any CPU
		{239B4BC8-C912-4CD5-BF1F-162394BBE8C2}.Debug|Any CPU.Build.0 = Debug|Any CPU
		{239B4BC8-C912-4CD5-BF1F-162394BBE8C2}.Release|Any CPU.ActiveCfg = Release|Any CPU
		{239B4BC8-C912-4CD5-BF1F-162394BBE8C2}.Release|Any CPU.Build.0 = Release|Any CPU
		{83ED173E-E6AC-4571-987A-1DDFAB8C5DA5}.Debug|Any CPU.ActiveCfg = Debug|Any CPU
		{83ED173E-E6AC-4571-987A-1DDFAB8C5DA5}.Debug|Any CPU.Build.0 = Debug|Any CPU
		{83ED173E-E6AC-4571-987A-1DDFAB8C5DA5}.Release|Any CPU.ActiveCfg = Release|Any CPU
		{83ED173E-E6AC-4571-987A-1DDFAB8C5DA5}.Release|Any CPU.Build.0 = Release|Any CPU
		{3D7EA3D4-82AD-4025-8CD3-3116EE17193A}.Debug|Any CPU.ActiveCfg = Debug|Any CPU
		{3D7EA3D4-82AD-4025-8CD3-3116EE17193A}.Debug|Any CPU.Build.0 = Debug|Any CPU
		{3D7EA3D4-82AD-4025-8CD3-3116EE17193A}.Release|Any CPU.ActiveCfg = Release|Any CPU
		{3D7EA3D4-82AD-4025-8CD3-3116EE17193A}.Release|Any CPU.Build.0 = Release|Any CPU
		{7A0EC59E-F1AA-4736-B811-1EAFC41D58E1}.Debug|Any CPU.ActiveCfg = Debug|Any CPU
		{7A0EC59E-F1AA-4736-B811-1EAFC41D58E1}.Debug|Any CPU.Build.0 = Debug|Any CPU
		{7A0EC59E-F1AA-4736-B811-1EAFC41D58E1}.Release|Any CPU.ActiveCfg = Release|Any CPU
		{7A0EC59E-F1AA-4736-B811-1EAFC41D58E1}.Release|Any CPU.Build.0 = Release|Any CPU
		{91E2EAD8-0ED7-4DD8-9272-33EBA4474DB2}.Debug|Any CPU.ActiveCfg = Debug|Any CPU
		{91E2EAD8-0ED7-4DD8-9272-33EBA4474DB2}.Debug|Any CPU.Build.0 = Debug|Any CPU
		{91E2EAD8-0ED7-4DD8-9272-33EBA4474DB2}.Release|Any CPU.ActiveCfg = Release|Any CPU
		{91E2EAD8-0ED7-4DD8-9272-33EBA4474DB2}.Release|Any CPU.Build.0 = Release|Any CPU
		{08A879F9-410B-492F-97E8-C274822EAF97}.Debug|Any CPU.ActiveCfg = Debug|Any CPU
		{08A879F9-410B-492F-97E8-C274822EAF97}.Debug|Any CPU.Build.0 = Debug|Any CPU
		{08A879F9-410B-492F-97E8-C274822EAF97}.Release|Any CPU.ActiveCfg = Release|Any CPU
		{08A879F9-410B-492F-97E8-C274822EAF97}.Release|Any CPU.Build.0 = Release|Any CPU
		{BA28201D-C471-4607-B595-08B13E9DC018}.Debug|Any CPU.ActiveCfg = Debug|Any CPU
		{BA28201D-C471-4607-B595-08B13E9DC018}.Debug|Any CPU.Build.0 = Debug|Any CPU
		{BA28201D-C471-4607-B595-08B13E9DC018}.Release|Any CPU.ActiveCfg = Release|Any CPU
		{BA28201D-C471-4607-B595-08B13E9DC018}.Release|Any CPU.Build.0 = Release|Any CPU
		{7C3AC3FE-805E-4D63-B681-DA48AC08D59A}.Debug|Any CPU.ActiveCfg = Debug|Any CPU
		{7C3AC3FE-805E-4D63-B681-DA48AC08D59A}.Debug|Any CPU.Build.0 = Debug|Any CPU
		{7C3AC3FE-805E-4D63-B681-DA48AC08D59A}.Release|Any CPU.ActiveCfg = Release|Any CPU
		{7C3AC3FE-805E-4D63-B681-DA48AC08D59A}.Release|Any CPU.Build.0 = Release|Any CPU
		{749CFE87-E922-4BFA-9F78-53432E1A8BB2}.Debug|Any CPU.ActiveCfg = Debug|Any CPU
		{749CFE87-E922-4BFA-9F78-53432E1A8BB2}.Debug|Any CPU.Build.0 = Debug|Any CPU
		{749CFE87-E922-4BFA-9F78-53432E1A8BB2}.Release|Any CPU.ActiveCfg = Release|Any CPU
		{749CFE87-E922-4BFA-9F78-53432E1A8BB2}.Release|Any CPU.Build.0 = Release|Any CPU
		{FC8BD544-C1AA-4519-A533-3F12B329157B}.Debug|Any CPU.ActiveCfg = Debug|Any CPU
		{FC8BD544-C1AA-4519-A533-3F12B329157B}.Debug|Any CPU.Build.0 = Debug|Any CPU
		{FC8BD544-C1AA-4519-A533-3F12B329157B}.Release|Any CPU.ActiveCfg = Release|Any CPU
		{FC8BD544-C1AA-4519-A533-3F12B329157B}.Release|Any CPU.Build.0 = Release|Any CPU
		{E97548F4-DB99-4431-B6A1-1C63A3B314FA}.Debug|Any CPU.ActiveCfg = Debug|Any CPU
		{E97548F4-DB99-4431-B6A1-1C63A3B314FA}.Debug|Any CPU.Build.0 = Debug|Any CPU
		{E97548F4-DB99-4431-B6A1-1C63A3B314FA}.Release|Any CPU.ActiveCfg = Release|Any CPU
		{E97548F4-DB99-4431-B6A1-1C63A3B314FA}.Release|Any CPU.Build.0 = Release|Any CPU
		{DE38B181-316F-4D56-AEA5-7986C1632235}.Debug|Any CPU.ActiveCfg = Debug|Any CPU
		{DE38B181-316F-4D56-AEA5-7986C1632235}.Debug|Any CPU.Build.0 = Debug|Any CPU
		{DE38B181-316F-4D56-AEA5-7986C1632235}.Release|Any CPU.ActiveCfg = Release|Any CPU
		{DE38B181-316F-4D56-AEA5-7986C1632235}.Release|Any CPU.Build.0 = Release|Any CPU
		{3095D3F9-A937-4E53-BEDF-60444EC4D020}.Debug|Any CPU.ActiveCfg = Debug|Any CPU
		{3095D3F9-A937-4E53-BEDF-60444EC4D020}.Debug|Any CPU.Build.0 = Debug|Any CPU
		{3095D3F9-A937-4E53-BEDF-60444EC4D020}.Release|Any CPU.ActiveCfg = Release|Any CPU
		{3095D3F9-A937-4E53-BEDF-60444EC4D020}.Release|Any CPU.Build.0 = Release|Any CPU
		{08EECFA4-C78C-4D11-B0C4-D0701A6DE6A2}.Debug|Any CPU.ActiveCfg = Debug|Any CPU
		{08EECFA4-C78C-4D11-B0C4-D0701A6DE6A2}.Debug|Any CPU.Build.0 = Debug|Any CPU
		{08EECFA4-C78C-4D11-B0C4-D0701A6DE6A2}.Release|Any CPU.ActiveCfg = Release|Any CPU
		{08EECFA4-C78C-4D11-B0C4-D0701A6DE6A2}.Release|Any CPU.Build.0 = Release|Any CPU
		{722C2D3C-B395-4A16-BA2C-EF3AAEA3FABD}.Debug|Any CPU.ActiveCfg = Debug|Any CPU
		{722C2D3C-B395-4A16-BA2C-EF3AAEA3FABD}.Debug|Any CPU.Build.0 = Debug|Any CPU
		{722C2D3C-B395-4A16-BA2C-EF3AAEA3FABD}.Release|Any CPU.ActiveCfg = Release|Any CPU
		{722C2D3C-B395-4A16-BA2C-EF3AAEA3FABD}.Release|Any CPU.Build.0 = Release|Any CPU
		{C3C793F7-F70C-4021-B89F-416B50764A6D}.Debug|Any CPU.ActiveCfg = Debug|Any CPU
		{C3C793F7-F70C-4021-B89F-416B50764A6D}.Debug|Any CPU.Build.0 = Debug|Any CPU
		{C3C793F7-F70C-4021-B89F-416B50764A6D}.Release|Any CPU.ActiveCfg = Release|Any CPU
		{C3C793F7-F70C-4021-B89F-416B50764A6D}.Release|Any CPU.Build.0 = Release|Any CPU
	EndGlobalSection
	GlobalSection(SolutionProperties) = preSolution
		HideSolutionNode = FALSE
	EndGlobalSection
	GlobalSection(NestedProjects) = preSolution
		{1AC6DA81-0642-4DB5-BDD3-E938C0C380FA} = {879CD2DA-3F9A-4570-860F-B29F4A60BA06}
		{D3063848-42AE-4D95-BDF0-1D95F672C0F1} = {BB2C281F-B1B5-4D70-8EE6-A1253DD7A20A}
		{F48EC245-1123-492D-B7F0-88EAF4B60A6C} = {BB2C281F-B1B5-4D70-8EE6-A1253DD7A20A}
		{89C74D85-F999-4F36-BF54-34FDFA282E36} = {BB2C281F-B1B5-4D70-8EE6-A1253DD7A20A}
		{8B95FFFD-16DE-4FA9-8FB9-2580EE261BB5} = {BB2C281F-B1B5-4D70-8EE6-A1253DD7A20A}
		{6002B87D-0E10-4FE9-8AEF-643D62D1C2D8} = {123C5143-A147-46CD-A044-5A8544B6C2C1}
		{8099C607-E92E-4F0C-91DB-8D6E9381D438} = {D3063848-42AE-4D95-BDF0-1D95F672C0F1}
		{56381244-F7FC-4E19-BCC2-59ED6189306C} = {D3063848-42AE-4D95-BDF0-1D95F672C0F1}
		{E1D569EF-6D26-478B-8A16-D05EB0C996FC} = {6002B87D-0E10-4FE9-8AEF-643D62D1C2D8}
		{337B94A3-8EF6-4DAA-8DC6-119A9CA55753} = {6002B87D-0E10-4FE9-8AEF-643D62D1C2D8}
		{853FA7E4-C287-4479-9C18-5C63691CAD58} = {123C5143-A147-46CD-A044-5A8544B6C2C1}
		{D4E775FD-3246-4FF7-A265-F486177E17C2} = {123C5143-A147-46CD-A044-5A8544B6C2C1}
		{33C59ED6-DA4F-482B-9B02-5F9DEA4A6315} = {F48EC245-1123-492D-B7F0-88EAF4B60A6C}
		{C3EDE70A-76EA-487D-8015-DE8DDD7975AC} = {F48EC245-1123-492D-B7F0-88EAF4B60A6C}
		{9017D565-EE8D-4536-AE2B-06A772F13AC5} = {F48EC245-1123-492D-B7F0-88EAF4B60A6C}
		{543DEB08-69C3-4D49-9811-177602C738F9} = {89C74D85-F999-4F36-BF54-34FDFA282E36}
		{50CFDDD7-7933-40FE-B986-57E136455BCA} = {89C74D85-F999-4F36-BF54-34FDFA282E36}
		{4E1067E9-45E1-458A-B54D-40D2935F9D27} = {89C74D85-F999-4F36-BF54-34FDFA282E36}
		{14A2F617-40FE-4A87-8DBE-36E95A382A03} = {8B95FFFD-16DE-4FA9-8FB9-2580EE261BB5}
		{B275046A-05A5-4992-AE51-D4B9EEE62424} = {8B95FFFD-16DE-4FA9-8FB9-2580EE261BB5}
		{9B474CE9-FB5D-49D6-882B-1E34D75E7640} = {8B95FFFD-16DE-4FA9-8FB9-2580EE261BB5}
		{2B96BA03-F494-43EE-A8BC-E01DD69F2892} = {BB2C281F-B1B5-4D70-8EE6-A1253DD7A20A}
		{5B877B63-E59A-4746-975D-3E3A7B69FAE6} = {BB2C281F-B1B5-4D70-8EE6-A1253DD7A20A}
		{84735D6A-EB8A-488B-BC40-A2FE7898A99A} = {2B96BA03-F494-43EE-A8BC-E01DD69F2892}
		{3F855A75-A0ED-4A0D-B461-1094C8ED7349} = {2B96BA03-F494-43EE-A8BC-E01DD69F2892}
		{686636BC-9C69-4790-AA3C-AB16D2B51477} = {5B877B63-E59A-4746-975D-3E3A7B69FAE6}
		{EB38BAB9-6AD2-48AA-8482-D0BE8021D44F} = {5B877B63-E59A-4746-975D-3E3A7B69FAE6}
		{C80EE318-A390-438F-B5A8-7B715160E143} = {123C5143-A147-46CD-A044-5A8544B6C2C1}
		{A0DA3334-9E80-48D6-9419-FADF2559039B} = {C80EE318-A390-438F-B5A8-7B715160E143}
		{70B6FFB5-70F9-495C-BE10-B956FDAEF4B8} = {C80EE318-A390-438F-B5A8-7B715160E143}
		{1831C620-7037-4311-A10E-24D9F89AAB51} = {A0DA3334-9E80-48D6-9419-FADF2559039B}
		{0383407D-A66A-4D26-AD49-FC89CDF2BE0E} = {A0DA3334-9E80-48D6-9419-FADF2559039B}
		{B5070569-E72E-407B-8B33-E74A687D3416} = {A0DA3334-9E80-48D6-9419-FADF2559039B}
		{D7189BBE-44F2-4C4C-B151-EF23FACBE0F3} = {A0DA3334-9E80-48D6-9419-FADF2559039B}
		{5CF427B1-ACDD-4925-A5C2-F88145D0D978} = {123C5143-A147-46CD-A044-5A8544B6C2C1}
		{DDC51D5E-B6C7-4684-836A-5E336D7636FA} = {5CF427B1-ACDD-4925-A5C2-F88145D0D978}
		{7CFC011C-3F56-42E2-8714-8BCFC7F95717} = {5CF427B1-ACDD-4925-A5C2-F88145D0D978}
		{239B4BC8-C912-4CD5-BF1F-162394BBE8C2} = {5CF427B1-ACDD-4925-A5C2-F88145D0D978}
		{83ED173E-E6AC-4571-987A-1DDFAB8C5DA5} = {3CC94DE5-42A0-4B4C-BFBD-440BE0A560E0}
		{3D7EA3D4-82AD-4025-8CD3-3116EE17193A} = {3CC94DE5-42A0-4B4C-BFBD-440BE0A560E0}
		{7A0EC59E-F1AA-4736-B811-1EAFC41D58E1} = {853FA7E4-C287-4479-9C18-5C63691CAD58}
		{91E2EAD8-0ED7-4DD8-9272-33EBA4474DB2} = {853FA7E4-C287-4479-9C18-5C63691CAD58}
		{08A879F9-410B-492F-97E8-C274822EAF97} = {853FA7E4-C287-4479-9C18-5C63691CAD58}
		{BA28201D-C471-4607-B595-08B13E9DC018} = {E1D569EF-6D26-478B-8A16-D05EB0C996FC}
		{7C3AC3FE-805E-4D63-B681-DA48AC08D59A} = {E1D569EF-6D26-478B-8A16-D05EB0C996FC}
		{749CFE87-E922-4BFA-9F78-53432E1A8BB2} = {337B94A3-8EF6-4DAA-8DC6-119A9CA55753}
		{FC8BD544-C1AA-4519-A533-3F12B329157B} = {337B94A3-8EF6-4DAA-8DC6-119A9CA55753}
		{E97548F4-DB99-4431-B6A1-1C63A3B314FA} = {D4E775FD-3246-4FF7-A265-F486177E17C2}
		{DE38B181-316F-4D56-AEA5-7986C1632235} = {D4E775FD-3246-4FF7-A265-F486177E17C2}
		{3095D3F9-A937-4E53-BEDF-60444EC4D020} = {1AC6DA81-0642-4DB5-BDD3-E938C0C380FA}
		{08EECFA4-C78C-4D11-B0C4-D0701A6DE6A2} = {1AC6DA81-0642-4DB5-BDD3-E938C0C380FA}
		{0761F2CC-D4B6-4002-BC6B-4ED4B10E1EA8} = {2EF6137B-284A-4873-A438-B414C042B1A5}
		{A653E5FF-23FD-467B-9FBF-3DD3067FAFD1} = {0761F2CC-D4B6-4002-BC6B-4ED4B10E1EA8}
		{722C2D3C-B395-4A16-BA2C-EF3AAEA3FABD} = {A653E5FF-23FD-467B-9FBF-3DD3067FAFD1}
		{17E18EA3-2E56-4D6B-9094-930E6EA2EE4F} = {0761F2CC-D4B6-4002-BC6B-4ED4B10E1EA8}
		{C3C793F7-F70C-4021-B89F-416B50764A6D} = {17E18EA3-2E56-4D6B-9094-930E6EA2EE4F}
	EndGlobalSection
	GlobalSection(ExtensibilityGlobals) = postSolution
		SolutionGuid = {D3342FE6-1ABC-4764-8B32-3A7B8494D08E}
	EndGlobalSection
EndGlobal
