
Microsoft Visual Studio Solution File, Format Version 12.00
# Visual Studio Version 17
VisualStudioVersion = 17.11.35327.3
MinimumVisualStudioVersion = 10.0.40219.1
Project("{2150E333-8FDC-42A3-9474-1A3956D46DE8}") = "Versioning", "Versioning", "{879CD2DA-3F9A-4570-860F-B29F4A60BA06}"
EndProject
Project("{2150E333-8FDC-42A3-9474-1A3956D46DE8}") = "DoubleWriting", "DoubleWriting", "{1AC6DA81-0642-4DB5-BDD3-E938C0C380FA}"
	ProjectSection(SolutionItems) = preProject
		DoubleWritingAppExe.ps1 = DoubleWritingAppExe.ps1
	EndProjectSection
EndProject
Project("{9A19103F-16F7-4668-BE54-9A1E7A4F7556}") = "DoubleWritingApp.Producer", "DoubleWritingApp.Producer\DoubleWritingApp.Producer.csproj", "{BF7C66DD-4E67-4FED-9D8D-DB1EEB08B241}"
EndProject
Project("{9A19103F-16F7-4668-BE54-9A1E7A4F7556}") = "DoubleWritingApp.Consumer1", "DoubleWritingApp.Consumer1\DoubleWritingApp.Consumer1.csproj", "{DD8B6E02-8C05-47FF-9FB6-9BA78867EC45}"
EndProject
Project("{2150E333-8FDC-42A3-9474-1A3956D46DE8}") = "RabbitMQ", "RabbitMQ", "{BB2C281F-B1B5-4D70-8EE6-A1253DD7A20A}"
EndProject
Project("{2150E333-8FDC-42A3-9474-1A3956D46DE8}") = "Ex_Direct", "Ex_Direct", "{D3063848-42AE-4D95-BDF0-1D95F672C0F1}"
	ProjectSection(SolutionItems) = preProject
		Rabbit\DirectExchangeAppExe.ps1 = Rabbit\DirectExchangeAppExe.ps1
	EndProjectSection
EndProject
Project("{2150E333-8FDC-42A3-9474-1A3956D46DE8}") = "Ex_Topic", "Ex_Topic", "{F48EC245-1123-492D-B7F0-88EAF4B60A6C}"
	ProjectSection(SolutionItems) = preProject
		Rabbit\TopicExchangeAppExe.ps1 = Rabbit\TopicExchangeAppExe.ps1
		Rabbit\TopicExchangeReadme.txt = Rabbit\TopicExchangeReadme.txt
	EndProjectSection
EndProject
Project("{2150E333-8FDC-42A3-9474-1A3956D46DE8}") = "Ex_Headers", "Ex_Headers", "{89C74D85-F999-4F36-BF54-34FDFA282E36}"
	ProjectSection(SolutionItems) = preProject
		Rabbit\HeaderExchangeReadme.txt = Rabbit\HeaderExchangeReadme.txt
		Rabbit\HeadersExchangeAppExe.ps1 = Rabbit\HeadersExchangeAppExe.ps1
	EndProjectSection
EndProject
Project("{2150E333-8FDC-42A3-9474-1A3956D46DE8}") = "Ex_Fanout[Pub Sub Pattern]", "Ex_Fanout[Pub Sub Pattern]", "{8B95FFFD-16DE-4FA9-8FB9-2580EE261BB5}"
	ProjectSection(SolutionItems) = preProject
		Rabbit\FanoutExchangeAppExe.ps1 = Rabbit\FanoutExchangeAppExe.ps1
		Rabbit\FanoutExchangeAppReadme.txt = Rabbit\FanoutExchangeAppReadme.txt
	EndProjectSection
EndProject
Project("{2150E333-8FDC-42A3-9474-1A3956D46DE8}") = "DeadLetter", "DeadLetter", "{6002B87D-0E10-4FE9-8AEF-643D62D1C2D8}"
	ProjectSection(SolutionItems) = preProject
		DeadLetterNegativelyAcknowledgedAppExe.ps1 = DeadLetterNegativelyAcknowledgedAppExe.ps1
		DeadLetterReadme.txt = DeadLetterReadme.txt
		DeadLetterTTLExpirationAppExe.ps1 = DeadLetterTTLExpirationAppExe.ps1
	EndProjectSection
EndProject
Project("{9A19103F-16F7-4668-BE54-9A1E7A4F7556}") = "DirectExchangeApp.Producer", "Rabbit\DirectExchangeApp.Producer\DirectExchangeApp.Producer.csproj", "{8099C607-E92E-4F0C-91DB-8D6E9381D438}"
EndProject
Project("{9A19103F-16F7-4668-BE54-9A1E7A4F7556}") = "DirectExchangeApp.Consumer1", "Rabbit\DirectExchangeApp.Consumer1\DirectExchangeApp.Consumer1.csproj", "{56381244-F7FC-4E19-BCC2-59ED6189306C}"
EndProject
Project("{9A19103F-16F7-4668-BE54-9A1E7A4F7556}") = "RabbitMQExchanges.BuildingBlocks", "RabbitMQExchanges.BuildingBlocks\RabbitMQExchanges.BuildingBlocks.csproj", "{1BC2A5E6-A84A-4675-999F-905BE54A9F60}"
EndProject
Project("{2150E333-8FDC-42A3-9474-1A3956D46DE8}") = "negatively-acknowledged", "negatively-acknowledged", "{E1D569EF-6D26-478B-8A16-D05EB0C996FC}"
	ProjectSection(SolutionItems) = preProject
		DeadLetterNegativelyAcknowledgedAppExe.ps1 = DeadLetterNegativelyAcknowledgedAppExe.ps1
	EndProjectSection
EndProject
Project("{2150E333-8FDC-42A3-9474-1A3956D46DE8}") = "_Solution Items", "_Solution Items", "{C45777C9-6799-4D83-A091-44142CED3A3A}"
	ProjectSection(SolutionItems) = preProject
		GlobalUsing.cs = GlobalUsing.cs
		ProducerConsumerRabbitmqClientTemplate.txt = ProducerConsumerRabbitmqClientTemplate.txt
		UtilityCommands.txt = UtilityCommands.txt
	EndProjectSection
EndProject
Project("{9A19103F-16F7-4668-BE54-9A1E7A4F7556}") = "DeadLetterNegativelyAcknowledgedApp.Producer", "DeadLetterNegativelyAcknowledgedApp.Producer\DeadLetterNegativelyAcknowledgedApp.Producer.csproj", "{A7CF90BB-B9F6-45F0-BF7C-00D944154CCC}"
EndProject
Project("{9A19103F-16F7-4668-BE54-9A1E7A4F7556}") = "DeadLetterNegativelyAcknowledgedApp.Consumer1", "DeadLetterNegativelyAcknowledgedApp.Consumer1\DeadLetterNegativelyAcknowledgedApp.Consumer1.csproj", "{28D258DE-3F4A-49C5-83DA-819322404991}"
EndProject
Project("{2150E333-8FDC-42A3-9474-1A3956D46DE8}") = "TimeToLive[TTL]-Expiration", "TimeToLive[TTL]-Expiration", "{337B94A3-8EF6-4DAA-8DC6-119A9CA55753}"
	ProjectSection(SolutionItems) = preProject
		DeadLetterTTLExpirationAppExe.ps1 = DeadLetterTTLExpirationAppExe.ps1
	EndProjectSection
EndProject
Project("{9A19103F-16F7-4668-BE54-9A1E7A4F7556}") = "DeadLetterTTLExpirationApp.Producer", "DeadLetterTTLExpirationApp.Producer\DeadLetterTTLExpirationApp.Producer.csproj", "{23ADAECD-E637-4405-9ADD-5162047A636F}"
EndProject
Project("{9A19103F-16F7-4668-BE54-9A1E7A4F7556}") = "DeadLetterTTLExpirationApp.Consumer1", "DeadLetterTTLExpirationApp.Consumer1\DeadLetterTTLExpirationApp.Consumer1.csproj", "{D89D98AA-5474-41D4-8387-66C3C3A5AA2D}"
EndProject
Project("{9A19103F-16F7-4668-BE54-9A1E7A4F7556}") = "CompetingConsumers.Consumer1", "CompetingConsumers.Consumer1\CompetingConsumers.Consumer1.csproj", "{D3C6F91E-F455-497B-82B6-275B0D307F25}"
EndProject
Project("{9A19103F-16F7-4668-BE54-9A1E7A4F7556}") = "CompetingConsumers.Consumer2", "CompetingConsumers.Consumer2\CompetingConsumers.Consumer2.csproj", "{64D5B4B2-71CB-4DE6-9DCE-B18DA8B13873}"
EndProject
Project("{9A19103F-16F7-4668-BE54-9A1E7A4F7556}") = "CompetingConsumers.Producer", "CompetingConsumers.Producer\CompetingConsumers.Producer.csproj", "{773706BD-9A56-40F2-8698-3B1ECC8E8F3F}"
EndProject
Project("{2150E333-8FDC-42A3-9474-1A3956D46DE8}") = "CompetingConsumers", "CompetingConsumers", "{853FA7E4-C287-4479-9C18-5C63691CAD58}"
	ProjectSection(SolutionItems) = preProject
		CompetingConsumersExe.ps1 = CompetingConsumersExe.ps1
		CompetingConsumersReadme.txt = CompetingConsumersReadme.txt
	EndProjectSection
EndProject
Project("{2150E333-8FDC-42A3-9474-1A3956D46DE8}") = "Patterns", "Patterns", "{123C5143-A147-46CD-A044-5A8544B6C2C1}"
EndProject
Project("{9A19103F-16F7-4668-BE54-9A1E7A4F7556}") = "EDA-Utilities", "EDA-Utilities\EDA-Utilities.csproj", "{57C87869-FA9B-4432-9A46-AC23A261E02B}"
EndProject
Project("{2150E333-8FDC-42A3-9474-1A3956D46DE8}") = "EnvelopeWrapper", "EnvelopeWrapper", "{D4E775FD-3246-4FF7-A265-F486177E17C2}"
	ProjectSection(SolutionItems) = preProject
		EnvelopeWapperAppExe.ps1 = EnvelopeWapperAppExe.ps1
		EnvlopeWapperReadme.txt = EnvlopeWapperReadme.txt
	EndProjectSection
EndProject
Project("{9A19103F-16F7-4668-BE54-9A1E7A4F7556}") = "EnvelopeWrapper.Producer", "EnvelopeWrapper.Producer\EnvelopeWrapper.Producer.csproj", "{F5010A93-7B6B-4862-9E76-E5862F0C21F8}"
EndProject
Project("{9A19103F-16F7-4668-BE54-9A1E7A4F7556}") = "EnvelopeWrapper.Consumer1", "EnvelopeWrapper.Consumer1\EnvelopeWrapper.Consumer1.csproj", "{C5716D3A-7670-4BD5-904A-1900304535CC}"
EndProject
Project("{9A19103F-16F7-4668-BE54-9A1E7A4F7556}") = "TopicApp.Producer", "Rabbit\TopicApp.Producer\TopicApp.Producer.csproj", "{33C59ED6-DA4F-482B-9B02-5F9DEA4A6315}"
EndProject
Project("{9A19103F-16F7-4668-BE54-9A1E7A4F7556}") = "TopicApp.Consumer1", "Rabbit\TopicApp.Consumer1\TopicApp.Consumer1.csproj", "{C3EDE70A-76EA-487D-8015-DE8DDD7975AC}"
EndProject
Project("{9A19103F-16F7-4668-BE54-9A1E7A4F7556}") = "TopicApp.Consumer2", "Rabbit\TopicApp.Consumer2\TopicApp.Consumer2.csproj", "{9017D565-EE8D-4536-AE2B-06A772F13AC5}"
EndProject
Project("{9A19103F-16F7-4668-BE54-9A1E7A4F7556}") = "HeadersExchangeApp.Producer", "Rabbit\HeadersExchangeApp.Producer\HeadersExchangeApp.Producer.csproj", "{543DEB08-69C3-4D49-9811-177602C738F9}"
EndProject
Project("{9A19103F-16F7-4668-BE54-9A1E7A4F7556}") = "HeadersExchangeApp.Consumer1", "Rabbit\HeadersExchangeApp.Consumer1\HeadersExchangeApp.Consumer1.csproj", "{50CFDDD7-7933-40FE-B986-57E136455BCA}"
EndProject
Project("{9A19103F-16F7-4668-BE54-9A1E7A4F7556}") = "HeadersExchangeApp.Consumer2", "Rabbit\HeadersExchangeApp.Consumer2\HeadersExchangeApp.Consumer2.csproj", "{4E1067E9-45E1-458A-B54D-40D2935F9D27}"
EndProject
Project("{9A19103F-16F7-4668-BE54-9A1E7A4F7556}") = "FanoutExchangeApp.Producer", "Rabbit\FanoutExchangeApp.Producer\FanoutExchangeApp.Producer.csproj", "{14A2F617-40FE-4A87-8DBE-36E95A382A03}"
EndProject
Project("{9A19103F-16F7-4668-BE54-9A1E7A4F7556}") = "FanoutExchangeApp.Consumer1", "Rabbit\FanoutExchangeApp.Consumer1\FanoutExchangeApp.Consumer1.csproj", "{B275046A-05A5-4992-AE51-D4B9EEE62424}"
EndProject
Project("{9A19103F-16F7-4668-BE54-9A1E7A4F7556}") = "FanoutExchangeApp.Consumer2", "Rabbit\FanoutExchangeApp.Consumer2\FanoutExchangeApp.Consumer2.csproj", "{9B474CE9-FB5D-49D6-882B-1E34D75E7640}"
EndProject
Project("{2150E333-8FDC-42A3-9474-1A3956D46DE8}") = "Common", "Common", "{3CC94DE5-42A0-4B4C-BFBD-440BE0A560E0}"
EndProject
Project("{2150E333-8FDC-42A3-9474-1A3956D46DE8}") = "RPC", "RPC", "{2B96BA03-F494-43EE-A8BC-E01DD69F2892}"
	ProjectSection(SolutionItems) = preProject
		Rabbit\RpcAppExe.ps1 = Rabbit\RpcAppExe.ps1
		Rabbit\RpcAppReadme.txt = Rabbit\RpcAppReadme.txt
	EndProjectSection
EndProject
Project("{2150E333-8FDC-42A3-9474-1A3956D46DE8}") = "PriorityQueue", "PriorityQueue", "{5B877B63-E59A-4746-975D-3E3A7B69FAE6}"
	ProjectSection(SolutionItems) = preProject
		Rabbit\PriorityQueueAppExe.ps1 = Rabbit\PriorityQueueAppExe.ps1
		Rabbit\PriorityQueueReadme.txt = Rabbit\PriorityQueueReadme.txt
	EndProjectSection
EndProject
Project("{9A19103F-16F7-4668-BE54-9A1E7A4F7556}") = "RpcApp.Response", "Rabbit\RpcApp.Response\RpcApp.Response.csproj", "{84735D6A-EB8A-488B-BC40-A2FE7898A99A}"
EndProject
Project("{9A19103F-16F7-4668-BE54-9A1E7A4F7556}") = "RpcApp.Request", "Rabbit\RpcApp.Request\RpcApp.Request.csproj", "{3F855A75-A0ED-4A0D-B461-1094C8ED7349}"
EndProject
Project("{9A19103F-16F7-4668-BE54-9A1E7A4F7556}") = "PriorityQueueApp.Producer", "Rabbit\PriorityQueueApp.Producer\PriorityQueueApp.Producer.csproj", "{686636BC-9C69-4790-AA3C-AB16D2B51477}"
EndProject
Project("{9A19103F-16F7-4668-BE54-9A1E7A4F7556}") = "PriorityQueueApp.Consumer1", "Rabbit\PriorityQueueApp.Consumer1\PriorityQueueApp.Consumer1.csproj", "{EB38BAB9-6AD2-48AA-8482-D0BE8021D44F}"
EndProject
Project("{2150E333-8FDC-42A3-9474-1A3956D46DE8}") = "Saga", "Saga", "{C80EE318-A390-438F-B5A8-7B715160E143}"
	ProjectSection(SolutionItems) = preProject
		Saga\SagaReadme.md = Saga\SagaReadme.md
	EndProjectSection
EndProject
Project("{2150E333-8FDC-42A3-9474-1A3956D46DE8}") = "Orchestration", "Orchestration", "{A0DA3334-9E80-48D6-9419-FADF2559039B}"
EndProject
Project("{2150E333-8FDC-42A3-9474-1A3956D46DE8}") = "Choreography", "Choreography", "{70B6FFB5-70F9-495C-BE10-B956FDAEF4B8}"
EndProject
Project("{2150E333-8FDC-42A3-9474-1A3956D46DE8}") = "RabbitClient", "RabbitClient", "{1AA9A339-96D7-4C2D-9124-0235B818D6C8}"
EndProject
Project("{2150E333-8FDC-42A3-9474-1A3956D46DE8}") = "MassTransit", "MassTransit", "{7937F024-8589-4839-884D-85B2D06A5DB8}"
EndProject
Project("{2150E333-8FDC-42A3-9474-1A3956D46DE8}") = "MassTransit", "MassTransit", "{29B557DA-69C2-4A7E-8EDE-36D05E47DC17}"
EndProject
Project("{2150E333-8FDC-42A3-9474-1A3956D46DE8}") = "RabbitClient", "RabbitClient", "{BCFD32F6-BDF4-480E-9C6E-BB080A5FFFD5}"
EndProject
Project("{9A19103F-16F7-4668-BE54-9A1E7A4F7556}") = "Saga_Orchestration_RabbitClient_App.OrderOrchestrationProducer", "Saga\Saga_Orchestration_RabbitClient_App.OrderOrchestrationProducer\Saga_Orchestration_RabbitClient_App.OrderOrchestrationProducer.csproj", "{1831C620-7037-4311-A10E-24D9F89AAB51}"
EndProject
Project("{9A19103F-16F7-4668-BE54-9A1E7A4F7556}") = "Saga_Orchestration_RabbitClient_App.PaymentConsumer", "Saga\Saga_Orchestration_RabbitClient_App.PaymentConsumer\Saga_Orchestration_RabbitClient_App.PaymentConsumer.csproj", "{0383407D-A66A-4D26-AD49-FC89CDF2BE0E}"
EndProject
Project("{9A19103F-16F7-4668-BE54-9A1E7A4F7556}") = "Saga_Orchestration_RabbitClient_App.StockConsumer", "Saga\Saga_Orchestration_RabbitClient_App.StockConsumer\Saga_Orchestration_RabbitClient_App.StockConsumer.csproj", "{B5070569-E72E-407B-8B33-E74A687D3416}"
EndProject
Project("{9A19103F-16F7-4668-BE54-9A1E7A4F7556}") = "Saga_Orchestration_RabbitClient_App.DeliveryConsumer", "Saga\Saga_Orchestration_RabbitClient_App.DeliveryConsumer\Saga_Orchestration_RabbitClient_App.DeliveryConsumer.csproj", "{D7189BBE-44F2-4C4C-B151-EF23FACBE0F3}"
EndProject
Global
	GlobalSection(SolutionConfigurationPlatforms) = preSolution
		Debug|Any CPU = Debug|Any CPU
		Release|Any CPU = Release|Any CPU
	EndGlobalSection
	GlobalSection(ProjectConfigurationPlatforms) = postSolution
		{BF7C66DD-4E67-4FED-9D8D-DB1EEB08B241}.Debug|Any CPU.ActiveCfg = Debug|Any CPU
		{BF7C66DD-4E67-4FED-9D8D-DB1EEB08B241}.Debug|Any CPU.Build.0 = Debug|Any CPU
		{BF7C66DD-4E67-4FED-9D8D-DB1EEB08B241}.Release|Any CPU.ActiveCfg = Release|Any CPU
		{BF7C66DD-4E67-4FED-9D8D-DB1EEB08B241}.Release|Any CPU.Build.0 = Release|Any CPU
		{DD8B6E02-8C05-47FF-9FB6-9BA78867EC45}.Debug|Any CPU.ActiveCfg = Debug|Any CPU
		{DD8B6E02-8C05-47FF-9FB6-9BA78867EC45}.Debug|Any CPU.Build.0 = Debug|Any CPU
		{DD8B6E02-8C05-47FF-9FB6-9BA78867EC45}.Release|Any CPU.ActiveCfg = Release|Any CPU
		{DD8B6E02-8C05-47FF-9FB6-9BA78867EC45}.Release|Any CPU.Build.0 = Release|Any CPU
		{8099C607-E92E-4F0C-91DB-8D6E9381D438}.Debug|Any CPU.ActiveCfg = Debug|Any CPU
		{8099C607-E92E-4F0C-91DB-8D6E9381D438}.Debug|Any CPU.Build.0 = Debug|Any CPU
		{8099C607-E92E-4F0C-91DB-8D6E9381D438}.Release|Any CPU.ActiveCfg = Release|Any CPU
		{8099C607-E92E-4F0C-91DB-8D6E9381D438}.Release|Any CPU.Build.0 = Release|Any CPU
		{56381244-F7FC-4E19-BCC2-59ED6189306C}.Debug|Any CPU.ActiveCfg = Debug|Any CPU
		{56381244-F7FC-4E19-BCC2-59ED6189306C}.Debug|Any CPU.Build.0 = Debug|Any CPU
		{56381244-F7FC-4E19-BCC2-59ED6189306C}.Release|Any CPU.ActiveCfg = Release|Any CPU
		{56381244-F7FC-4E19-BCC2-59ED6189306C}.Release|Any CPU.Build.0 = Release|Any CPU
		{1BC2A5E6-A84A-4675-999F-905BE54A9F60}.Debug|Any CPU.ActiveCfg = Debug|Any CPU
		{1BC2A5E6-A84A-4675-999F-905BE54A9F60}.Debug|Any CPU.Build.0 = Debug|Any CPU
		{1BC2A5E6-A84A-4675-999F-905BE54A9F60}.Release|Any CPU.ActiveCfg = Release|Any CPU
		{1BC2A5E6-A84A-4675-999F-905BE54A9F60}.Release|Any CPU.Build.0 = Release|Any CPU
		{A7CF90BB-B9F6-45F0-BF7C-00D944154CCC}.Debug|Any CPU.ActiveCfg = Debug|Any CPU
		{A7CF90BB-B9F6-45F0-BF7C-00D944154CCC}.Debug|Any CPU.Build.0 = Debug|Any CPU
		{A7CF90BB-B9F6-45F0-BF7C-00D944154CCC}.Release|Any CPU.ActiveCfg = Release|Any CPU
		{A7CF90BB-B9F6-45F0-BF7C-00D944154CCC}.Release|Any CPU.Build.0 = Release|Any CPU
		{28D258DE-3F4A-49C5-83DA-819322404991}.Debug|Any CPU.ActiveCfg = Debug|Any CPU
		{28D258DE-3F4A-49C5-83DA-819322404991}.Debug|Any CPU.Build.0 = Debug|Any CPU
		{28D258DE-3F4A-49C5-83DA-819322404991}.Release|Any CPU.ActiveCfg = Release|Any CPU
		{28D258DE-3F4A-49C5-83DA-819322404991}.Release|Any CPU.Build.0 = Release|Any CPU
		{23ADAECD-E637-4405-9ADD-5162047A636F}.Debug|Any CPU.ActiveCfg = Debug|Any CPU
		{23ADAECD-E637-4405-9ADD-5162047A636F}.Debug|Any CPU.Build.0 = Debug|Any CPU
		{23ADAECD-E637-4405-9ADD-5162047A636F}.Release|Any CPU.ActiveCfg = Release|Any CPU
		{23ADAECD-E637-4405-9ADD-5162047A636F}.Release|Any CPU.Build.0 = Release|Any CPU
		{D89D98AA-5474-41D4-8387-66C3C3A5AA2D}.Debug|Any CPU.ActiveCfg = Debug|Any CPU
		{D89D98AA-5474-41D4-8387-66C3C3A5AA2D}.Debug|Any CPU.Build.0 = Debug|Any CPU
		{D89D98AA-5474-41D4-8387-66C3C3A5AA2D}.Release|Any CPU.ActiveCfg = Release|Any CPU
		{D89D98AA-5474-41D4-8387-66C3C3A5AA2D}.Release|Any CPU.Build.0 = Release|Any CPU
		{D3C6F91E-F455-497B-82B6-275B0D307F25}.Debug|Any CPU.ActiveCfg = Debug|Any CPU
		{D3C6F91E-F455-497B-82B6-275B0D307F25}.Debug|Any CPU.Build.0 = Debug|Any CPU
		{D3C6F91E-F455-497B-82B6-275B0D307F25}.Release|Any CPU.ActiveCfg = Release|Any CPU
		{D3C6F91E-F455-497B-82B6-275B0D307F25}.Release|Any CPU.Build.0 = Release|Any CPU
		{64D5B4B2-71CB-4DE6-9DCE-B18DA8B13873}.Debug|Any CPU.ActiveCfg = Debug|Any CPU
		{64D5B4B2-71CB-4DE6-9DCE-B18DA8B13873}.Debug|Any CPU.Build.0 = Debug|Any CPU
		{64D5B4B2-71CB-4DE6-9DCE-B18DA8B13873}.Release|Any CPU.ActiveCfg = Release|Any CPU
		{64D5B4B2-71CB-4DE6-9DCE-B18DA8B13873}.Release|Any CPU.Build.0 = Release|Any CPU
		{773706BD-9A56-40F2-8698-3B1ECC8E8F3F}.Debug|Any CPU.ActiveCfg = Debug|Any CPU
		{773706BD-9A56-40F2-8698-3B1ECC8E8F3F}.Debug|Any CPU.Build.0 = Debug|Any CPU
		{773706BD-9A56-40F2-8698-3B1ECC8E8F3F}.Release|Any CPU.ActiveCfg = Release|Any CPU
		{773706BD-9A56-40F2-8698-3B1ECC8E8F3F}.Release|Any CPU.Build.0 = Release|Any CPU
		{57C87869-FA9B-4432-9A46-AC23A261E02B}.Debug|Any CPU.ActiveCfg = Debug|Any CPU
		{57C87869-FA9B-4432-9A46-AC23A261E02B}.Debug|Any CPU.Build.0 = Debug|Any CPU
		{57C87869-FA9B-4432-9A46-AC23A261E02B}.Release|Any CPU.ActiveCfg = Release|Any CPU
		{57C87869-FA9B-4432-9A46-AC23A261E02B}.Release|Any CPU.Build.0 = Release|Any CPU
		{F5010A93-7B6B-4862-9E76-E5862F0C21F8}.Debug|Any CPU.ActiveCfg = Debug|Any CPU
		{F5010A93-7B6B-4862-9E76-E5862F0C21F8}.Debug|Any CPU.Build.0 = Debug|Any CPU
		{F5010A93-7B6B-4862-9E76-E5862F0C21F8}.Release|Any CPU.ActiveCfg = Release|Any CPU
		{F5010A93-7B6B-4862-9E76-E5862F0C21F8}.Release|Any CPU.Build.0 = Release|Any CPU
		{C5716D3A-7670-4BD5-904A-1900304535CC}.Debug|Any CPU.ActiveCfg = Debug|Any CPU
		{C5716D3A-7670-4BD5-904A-1900304535CC}.Debug|Any CPU.Build.0 = Debug|Any CPU
		{C5716D3A-7670-4BD5-904A-1900304535CC}.Release|Any CPU.ActiveCfg = Release|Any CPU
		{C5716D3A-7670-4BD5-904A-1900304535CC}.Release|Any CPU.Build.0 = Release|Any CPU
		{33C59ED6-DA4F-482B-9B02-5F9DEA4A6315}.Debug|Any CPU.ActiveCfg = Debug|Any CPU
		{33C59ED6-DA4F-482B-9B02-5F9DEA4A6315}.Debug|Any CPU.Build.0 = Debug|Any CPU
		{33C59ED6-DA4F-482B-9B02-5F9DEA4A6315}.Release|Any CPU.ActiveCfg = Release|Any CPU
		{33C59ED6-DA4F-482B-9B02-5F9DEA4A6315}.Release|Any CPU.Build.0 = Release|Any CPU
		{C3EDE70A-76EA-487D-8015-DE8DDD7975AC}.Debug|Any CPU.ActiveCfg = Debug|Any CPU
		{C3EDE70A-76EA-487D-8015-DE8DDD7975AC}.Debug|Any CPU.Build.0 = Debug|Any CPU
		{C3EDE70A-76EA-487D-8015-DE8DDD7975AC}.Release|Any CPU.ActiveCfg = Release|Any CPU
		{C3EDE70A-76EA-487D-8015-DE8DDD7975AC}.Release|Any CPU.Build.0 = Release|Any CPU
		{9017D565-EE8D-4536-AE2B-06A772F13AC5}.Debug|Any CPU.ActiveCfg = Debug|Any CPU
		{9017D565-EE8D-4536-AE2B-06A772F13AC5}.Debug|Any CPU.Build.0 = Debug|Any CPU
		{9017D565-EE8D-4536-AE2B-06A772F13AC5}.Release|Any CPU.ActiveCfg = Release|Any CPU
		{9017D565-EE8D-4536-AE2B-06A772F13AC5}.Release|Any CPU.Build.0 = Release|Any CPU
		{543DEB08-69C3-4D49-9811-177602C738F9}.Debug|Any CPU.ActiveCfg = Debug|Any CPU
		{543DEB08-69C3-4D49-9811-177602C738F9}.Debug|Any CPU.Build.0 = Debug|Any CPU
		{543DEB08-69C3-4D49-9811-177602C738F9}.Release|Any CPU.ActiveCfg = Release|Any CPU
		{543DEB08-69C3-4D49-9811-177602C738F9}.Release|Any CPU.Build.0 = Release|Any CPU
		{50CFDDD7-7933-40FE-B986-57E136455BCA}.Debug|Any CPU.ActiveCfg = Debug|Any CPU
		{50CFDDD7-7933-40FE-B986-57E136455BCA}.Debug|Any CPU.Build.0 = Debug|Any CPU
		{50CFDDD7-7933-40FE-B986-57E136455BCA}.Release|Any CPU.ActiveCfg = Release|Any CPU
		{50CFDDD7-7933-40FE-B986-57E136455BCA}.Release|Any CPU.Build.0 = Release|Any CPU
		{4E1067E9-45E1-458A-B54D-40D2935F9D27}.Debug|Any CPU.ActiveCfg = Debug|Any CPU
		{4E1067E9-45E1-458A-B54D-40D2935F9D27}.Debug|Any CPU.Build.0 = Debug|Any CPU
		{4E1067E9-45E1-458A-B54D-40D2935F9D27}.Release|Any CPU.ActiveCfg = Release|Any CPU
		{4E1067E9-45E1-458A-B54D-40D2935F9D27}.Release|Any CPU.Build.0 = Release|Any CPU
		{14A2F617-40FE-4A87-8DBE-36E95A382A03}.Debug|Any CPU.ActiveCfg = Debug|Any CPU
		{14A2F617-40FE-4A87-8DBE-36E95A382A03}.Debug|Any CPU.Build.0 = Debug|Any CPU
		{14A2F617-40FE-4A87-8DBE-36E95A382A03}.Release|Any CPU.ActiveCfg = Release|Any CPU
		{14A2F617-40FE-4A87-8DBE-36E95A382A03}.Release|Any CPU.Build.0 = Release|Any CPU
		{B275046A-05A5-4992-AE51-D4B9EEE62424}.Debug|Any CPU.ActiveCfg = Debug|Any CPU
		{B275046A-05A5-4992-AE51-D4B9EEE62424}.Debug|Any CPU.Build.0 = Debug|Any CPU
		{B275046A-05A5-4992-AE51-D4B9EEE62424}.Release|Any CPU.ActiveCfg = Release|Any CPU
		{B275046A-05A5-4992-AE51-D4B9EEE62424}.Release|Any CPU.Build.0 = Release|Any CPU
		{9B474CE9-FB5D-49D6-882B-1E34D75E7640}.Debug|Any CPU.ActiveCfg = Debug|Any CPU
		{9B474CE9-FB5D-49D6-882B-1E34D75E7640}.Debug|Any CPU.Build.0 = Debug|Any CPU
		{9B474CE9-FB5D-49D6-882B-1E34D75E7640}.Release|Any CPU.ActiveCfg = Release|Any CPU
		{9B474CE9-FB5D-49D6-882B-1E34D75E7640}.Release|Any CPU.Build.0 = Release|Any CPU
		{84735D6A-EB8A-488B-BC40-A2FE7898A99A}.Debug|Any CPU.ActiveCfg = Debug|Any CPU
		{84735D6A-EB8A-488B-BC40-A2FE7898A99A}.Debug|Any CPU.Build.0 = Debug|Any CPU
		{84735D6A-EB8A-488B-BC40-A2FE7898A99A}.Release|Any CPU.ActiveCfg = Release|Any CPU
		{84735D6A-EB8A-488B-BC40-A2FE7898A99A}.Release|Any CPU.Build.0 = Release|Any CPU
		{3F855A75-A0ED-4A0D-B461-1094C8ED7349}.Debug|Any CPU.ActiveCfg = Debug|Any CPU
		{3F855A75-A0ED-4A0D-B461-1094C8ED7349}.Debug|Any CPU.Build.0 = Debug|Any CPU
		{3F855A75-A0ED-4A0D-B461-1094C8ED7349}.Release|Any CPU.ActiveCfg = Release|Any CPU
		{3F855A75-A0ED-4A0D-B461-1094C8ED7349}.Release|Any CPU.Build.0 = Release|Any CPU
		{686636BC-9C69-4790-AA3C-AB16D2B51477}.Debug|Any CPU.ActiveCfg = Debug|Any CPU
		{686636BC-9C69-4790-AA3C-AB16D2B51477}.Debug|Any CPU.Build.0 = Debug|Any CPU
		{686636BC-9C69-4790-AA3C-AB16D2B51477}.Release|Any CPU.ActiveCfg = Release|Any CPU
		{686636BC-9C69-4790-AA3C-AB16D2B51477}.Release|Any CPU.Build.0 = Release|Any CPU
		{EB38BAB9-6AD2-48AA-8482-D0BE8021D44F}.Debug|Any CPU.ActiveCfg = Debug|Any CPU
		{EB38BAB9-6AD2-48AA-8482-D0BE8021D44F}.Debug|Any CPU.Build.0 = Debug|Any CPU
		{EB38BAB9-6AD2-48AA-8482-D0BE8021D44F}.Release|Any CPU.ActiveCfg = Release|Any CPU
		{EB38BAB9-6AD2-48AA-8482-D0BE8021D44F}.Release|Any CPU.Build.0 = Release|Any CPU
		{1831C620-7037-4311-A10E-24D9F89AAB51}.Debug|Any CPU.ActiveCfg = Debug|Any CPU
		{1831C620-7037-4311-A10E-24D9F89AAB51}.Debug|Any CPU.Build.0 = Debug|Any CPU
		{1831C620-7037-4311-A10E-24D9F89AAB51}.Release|Any CPU.ActiveCfg = Release|Any CPU
		{1831C620-7037-4311-A10E-24D9F89AAB51}.Release|Any CPU.Build.0 = Release|Any CPU
		{0383407D-A66A-4D26-AD49-FC89CDF2BE0E}.Debug|Any CPU.ActiveCfg = Debug|Any CPU
		{0383407D-A66A-4D26-AD49-FC89CDF2BE0E}.Debug|Any CPU.Build.0 = Debug|Any CPU
		{0383407D-A66A-4D26-AD49-FC89CDF2BE0E}.Release|Any CPU.ActiveCfg = Release|Any CPU
		{0383407D-A66A-4D26-AD49-FC89CDF2BE0E}.Release|Any CPU.Build.0 = Release|Any CPU
		{B5070569-E72E-407B-8B33-E74A687D3416}.Debug|Any CPU.ActiveCfg = Debug|Any CPU
		{B5070569-E72E-407B-8B33-E74A687D3416}.Debug|Any CPU.Build.0 = Debug|Any CPU
		{B5070569-E72E-407B-8B33-E74A687D3416}.Release|Any CPU.ActiveCfg = Release|Any CPU
		{B5070569-E72E-407B-8B33-E74A687D3416}.Release|Any CPU.Build.0 = Release|Any CPU
		{D7189BBE-44F2-4C4C-B151-EF23FACBE0F3}.Debug|Any CPU.ActiveCfg = Debug|Any CPU
		{D7189BBE-44F2-4C4C-B151-EF23FACBE0F3}.Debug|Any CPU.Build.0 = Debug|Any CPU
		{D7189BBE-44F2-4C4C-B151-EF23FACBE0F3}.Release|Any CPU.ActiveCfg = Release|Any CPU
		{D7189BBE-44F2-4C4C-B151-EF23FACBE0F3}.Release|Any CPU.Build.0 = Release|Any CPU
	EndGlobalSection
	GlobalSection(SolutionProperties) = preSolution
		HideSolutionNode = FALSE
	EndGlobalSection
	GlobalSection(NestedProjects) = preSolution
		{1AC6DA81-0642-4DB5-BDD3-E938C0C380FA} = {879CD2DA-3F9A-4570-860F-B29F4A60BA06}
		{BF7C66DD-4E67-4FED-9D8D-DB1EEB08B241} = {1AC6DA81-0642-4DB5-BDD3-E938C0C380FA}
		{DD8B6E02-8C05-47FF-9FB6-9BA78867EC45} = {1AC6DA81-0642-4DB5-BDD3-E938C0C380FA}
		{D3063848-42AE-4D95-BDF0-1D95F672C0F1} = {BB2C281F-B1B5-4D70-8EE6-A1253DD7A20A}
		{F48EC245-1123-492D-B7F0-88EAF4B60A6C} = {BB2C281F-B1B5-4D70-8EE6-A1253DD7A20A}
		{89C74D85-F999-4F36-BF54-34FDFA282E36} = {BB2C281F-B1B5-4D70-8EE6-A1253DD7A20A}
		{8B95FFFD-16DE-4FA9-8FB9-2580EE261BB5} = {BB2C281F-B1B5-4D70-8EE6-A1253DD7A20A}
		{6002B87D-0E10-4FE9-8AEF-643D62D1C2D8} = {123C5143-A147-46CD-A044-5A8544B6C2C1}
		{8099C607-E92E-4F0C-91DB-8D6E9381D438} = {D3063848-42AE-4D95-BDF0-1D95F672C0F1}
		{56381244-F7FC-4E19-BCC2-59ED6189306C} = {D3063848-42AE-4D95-BDF0-1D95F672C0F1}
		{1BC2A5E6-A84A-4675-999F-905BE54A9F60} = {3CC94DE5-42A0-4B4C-BFBD-440BE0A560E0}
		{E1D569EF-6D26-478B-8A16-D05EB0C996FC} = {6002B87D-0E10-4FE9-8AEF-643D62D1C2D8}
		{A7CF90BB-B9F6-45F0-BF7C-00D944154CCC} = {E1D569EF-6D26-478B-8A16-D05EB0C996FC}
		{28D258DE-3F4A-49C5-83DA-819322404991} = {E1D569EF-6D26-478B-8A16-D05EB0C996FC}
		{337B94A3-8EF6-4DAA-8DC6-119A9CA55753} = {6002B87D-0E10-4FE9-8AEF-643D62D1C2D8}
		{23ADAECD-E637-4405-9ADD-5162047A636F} = {337B94A3-8EF6-4DAA-8DC6-119A9CA55753}
		{D89D98AA-5474-41D4-8387-66C3C3A5AA2D} = {337B94A3-8EF6-4DAA-8DC6-119A9CA55753}
		{D3C6F91E-F455-497B-82B6-275B0D307F25} = {853FA7E4-C287-4479-9C18-5C63691CAD58}
		{64D5B4B2-71CB-4DE6-9DCE-B18DA8B13873} = {853FA7E4-C287-4479-9C18-5C63691CAD58}
		{773706BD-9A56-40F2-8698-3B1ECC8E8F3F} = {853FA7E4-C287-4479-9C18-5C63691CAD58}
		{853FA7E4-C287-4479-9C18-5C63691CAD58} = {123C5143-A147-46CD-A044-5A8544B6C2C1}
		{57C87869-FA9B-4432-9A46-AC23A261E02B} = {3CC94DE5-42A0-4B4C-BFBD-440BE0A560E0}
		{D4E775FD-3246-4FF7-A265-F486177E17C2} = {123C5143-A147-46CD-A044-5A8544B6C2C1}
		{F5010A93-7B6B-4862-9E76-E5862F0C21F8} = {D4E775FD-3246-4FF7-A265-F486177E17C2}
		{C5716D3A-7670-4BD5-904A-1900304535CC} = {D4E775FD-3246-4FF7-A265-F486177E17C2}
		{33C59ED6-DA4F-482B-9B02-5F9DEA4A6315} = {F48EC245-1123-492D-B7F0-88EAF4B60A6C}
		{C3EDE70A-76EA-487D-8015-DE8DDD7975AC} = {F48EC245-1123-492D-B7F0-88EAF4B60A6C}
		{9017D565-EE8D-4536-AE2B-06A772F13AC5} = {F48EC245-1123-492D-B7F0-88EAF4B60A6C}
		{543DEB08-69C3-4D49-9811-177602C738F9} = {89C74D85-F999-4F36-BF54-34FDFA282E36}
		{50CFDDD7-7933-40FE-B986-57E136455BCA} = {89C74D85-F999-4F36-BF54-34FDFA282E36}
		{4E1067E9-45E1-458A-B54D-40D2935F9D27} = {89C74D85-F999-4F36-BF54-34FDFA282E36}
		{14A2F617-40FE-4A87-8DBE-36E95A382A03} = {8B95FFFD-16DE-4FA9-8FB9-2580EE261BB5}
		{B275046A-05A5-4992-AE51-D4B9EEE62424} = {8B95FFFD-16DE-4FA9-8FB9-2580EE261BB5}
		{9B474CE9-FB5D-49D6-882B-1E34D75E7640} = {8B95FFFD-16DE-4FA9-8FB9-2580EE261BB5}
		{2B96BA03-F494-43EE-A8BC-E01DD69F2892} = {BB2C281F-B1B5-4D70-8EE6-A1253DD7A20A}
		{5B877B63-E59A-4746-975D-3E3A7B69FAE6} = {BB2C281F-B1B5-4D70-8EE6-A1253DD7A20A}
		{84735D6A-EB8A-488B-BC40-A2FE7898A99A} = {2B96BA03-F494-43EE-A8BC-E01DD69F2892}
		{3F855A75-A0ED-4A0D-B461-1094C8ED7349} = {2B96BA03-F494-43EE-A8BC-E01DD69F2892}
		{686636BC-9C69-4790-AA3C-AB16D2B51477} = {5B877B63-E59A-4746-975D-3E3A7B69FAE6}
		{EB38BAB9-6AD2-48AA-8482-D0BE8021D44F} = {5B877B63-E59A-4746-975D-3E3A7B69FAE6}
		{C80EE318-A390-438F-B5A8-7B715160E143} = {123C5143-A147-46CD-A044-5A8544B6C2C1}
		{A0DA3334-9E80-48D6-9419-FADF2559039B} = {C80EE318-A390-438F-B5A8-7B715160E143}
		{70B6FFB5-70F9-495C-BE10-B956FDAEF4B8} = {C80EE318-A390-438F-B5A8-7B715160E143}
		{1AA9A339-96D7-4C2D-9124-0235B818D6C8} = {70B6FFB5-70F9-495C-BE10-B956FDAEF4B8}
		{7937F024-8589-4839-884D-85B2D06A5DB8} = {70B6FFB5-70F9-495C-BE10-B956FDAEF4B8}
		{29B557DA-69C2-4A7E-8EDE-36D05E47DC17} = {A0DA3334-9E80-48D6-9419-FADF2559039B}
		{BCFD32F6-BDF4-480E-9C6E-BB080A5FFFD5} = {A0DA3334-9E80-48D6-9419-FADF2559039B}
		{1831C620-7037-4311-A10E-24D9F89AAB51} = {BCFD32F6-BDF4-480E-9C6E-BB080A5FFFD5}
		{0383407D-A66A-4D26-AD49-FC89CDF2BE0E} = {BCFD32F6-BDF4-480E-9C6E-BB080A5FFFD5}
		{B5070569-E72E-407B-8B33-E74A687D3416} = {BCFD32F6-BDF4-480E-9C6E-BB080A5FFFD5}
		{D7189BBE-44F2-4C4C-B151-EF23FACBE0F3} = {BCFD32F6-BDF4-480E-9C6E-BB080A5FFFD5}
	EndGlobalSection
	GlobalSection(ExtensibilityGlobals) = postSolution
		SolutionGuid = {D3342FE6-1ABC-4764-8B32-3A7B8494D08E}
	EndGlobalSection
EndGlobal
